
Microsoft Visual Studio Solution File, Format Version 12.00
# Visual Studio 15
VisualStudioVersion = 15.0.28307.168
MinimumVisualStudioVersion = 10.0.40219.1
Project("{FAE04EC0-301F-11D3-BF4B-00C04F79EFBC}") = "ScriptX.Print.Client", "ScriptX.Print.Client\ScriptX.Print.Client.csproj", "{C772E3FD-776C-49CD-8678-F5429D1CEAEA}"
EndProject
Project("{2150E333-8FDC-42A3-9474-1A3956D46DE8}") = "Documentation", "Documentation", "{F483EA25-6581-4C95-80F9-42E54B1866FD}"
	ProjectSection(SolutionItems) = preProject
		..\.unused-.npmrc = ..\.unused-.npmrc
		..\book.json = ..\book.json
		..\bower.json = ..\bower.json
		ScriptX.Print.Client\bundleconfig.json = ScriptX.Print.Client\bundleconfig.json
		..\LICENSE = ..\LICENSE
		..\package.json = ..\package.json
		..\README.md = ..\README.md
	EndProjectSection
EndProject
Project("{2150E333-8FDC-42A3-9474-1A3956D46DE8}") = "docs", "docs", "{6F1B6E72-BADC-427F-B43B-24A2CFC326A2}"
	ProjectSection(SolutionItems) = preProject
		..\docs\_config.yml = ..\docs\_config.yml
		..\docs\readme.md = ..\docs\readme.md
	EndProjectSection
EndProject
Project("{2150E333-8FDC-42A3-9474-1A3956D46DE8}") = "book", "book", "{09B1AEEF-1A4F-4875-933C-71D32CBD1BD0}"
	ProjectSection(SolutionItems) = preProject
		..\book\methods.md = ..\book\methods.md
		..\book\new-article.md = ..\book\new-article.md
		..\book\README.md = ..\book\README.md
		..\book\referencelib.md = ..\book\referencelib.md
		..\book\SUMMARY.md = ..\book\SUMMARY.md
	EndProjectSection
EndProject
Project("{2150E333-8FDC-42A3-9474-1A3956D46DE8}") = "src", "src", "{7C47A878-72F0-4EFE-B23F-EB6B67DE8594}"
	ProjectSection(SolutionItems) = preProject
		..\src\jQuery-MeadCo.ScriptX.Print.UI.js = ..\src\jQuery-MeadCo.ScriptX.Print.UI.js
		..\src\meadco-core.js = ..\src\meadco-core.js
		..\src\meadco-scriptxfactory.js = ..\src\meadco-scriptxfactory.js
		..\src\meadco-scriptxprint.js = ..\src\meadco-scriptxprint.js
		..\src\meadco-scriptxprinthtml.js = ..\src\meadco-scriptxprinthtml.js
		..\src\meadco-scriptxprintlicensing.js = ..\src\meadco-scriptxprintlicensing.js
		..\src\meadco-secmgr.js = ..\src\meadco-secmgr.js
	EndProjectSection
EndProject
Project("{2150E333-8FDC-42A3-9474-1A3956D46DE8}") = "Nuget", "Nuget", "{0B0CC34E-A750-4CBF-965B-B9D84CAAF4EF}"
	ProjectSection(SolutionItems) = preProject
		..\nuget\MeadCoScriptXPrintServicesHtml.nuspec = ..\nuget\MeadCoScriptXPrintServicesHtml.nuspec
	EndProjectSection
EndProject
Project("{2150E333-8FDC-42A3-9474-1A3956D46DE8}") = "dist", "dist", "{0F97F6FD-078E-41D0-B35B-5151D7B9ED95}"
	ProjectSection(SolutionItems) = preProject
		..\dist\meadco-scriptxservices.min.js = ..\dist\meadco-scriptxservices.min.js
		..\dist\meadco-scriptxserviceslicensing.min.js = ..\dist\meadco-scriptxserviceslicensing.min.js
		..\dist\meadco-scriptxservicesprint.min.js = ..\dist\meadco-scriptxservicesprint.min.js
		..\dist\meadco-scriptxservicesprintUI.min.js = ..\dist\meadco-scriptxservicesprintUI.min.js
		..\dist\meadco-scriptxservicesUI.min.js = ..\dist\meadco-scriptxservicesUI.min.js
	EndProjectSection
EndProject
Project("{FAE04EC0-301F-11D3-BF4B-00C04F79EFBC}") = "ScriptX.Services Client", "ScriptX.Services Client\ScriptX.Services Client.csproj", "{1097C054-BAB0-4B08-A582-E6AD925BD423}"
EndProject
Project("{2150E333-8FDC-42A3-9474-1A3956D46DE8}") = "Libraries", "Libraries", "{492456B7-42C2-42E0-9579-9775FA833DD1}"
	ProjectSection(SolutionItems) = preProject
		..\Libraries\MeadCo.ScriptX.Print.Messaging.dll = ..\Libraries\MeadCo.ScriptX.Print.Messaging.dll
	EndProjectSection
EndProject
Global
	GlobalSection(SolutionConfigurationPlatforms) = preSolution
		Debug|Any CPU = Debug|Any CPU
		Release|Any CPU = Release|Any CPU
	EndGlobalSection
	GlobalSection(ProjectConfigurationPlatforms) = postSolution
		{C772E3FD-776C-49CD-8678-F5429D1CEAEA}.Debug|Any CPU.ActiveCfg = Debug|Any CPU
		{C772E3FD-776C-49CD-8678-F5429D1CEAEA}.Debug|Any CPU.Build.0 = Debug|Any CPU
		{C772E3FD-776C-49CD-8678-F5429D1CEAEA}.Release|Any CPU.ActiveCfg = Release|Any CPU
		{C772E3FD-776C-49CD-8678-F5429D1CEAEA}.Release|Any CPU.Build.0 = Release|Any CPU
		{1097C054-BAB0-4B08-A582-E6AD925BD423}.Debug|Any CPU.ActiveCfg = Debug|Any CPU
		{1097C054-BAB0-4B08-A582-E6AD925BD423}.Debug|Any CPU.Build.0 = Debug|Any CPU
		{1097C054-BAB0-4B08-A582-E6AD925BD423}.Release|Any CPU.ActiveCfg = Release|Any CPU
		{1097C054-BAB0-4B08-A582-E6AD925BD423}.Release|Any CPU.Build.0 = Release|Any CPU
	EndGlobalSection
	GlobalSection(SolutionProperties) = preSolution
		HideSolutionNode = FALSE
	EndGlobalSection
	GlobalSection(NestedProjects) = preSolution
		{6F1B6E72-BADC-427F-B43B-24A2CFC326A2} = {F483EA25-6581-4C95-80F9-42E54B1866FD}
		{09B1AEEF-1A4F-4875-933C-71D32CBD1BD0} = {F483EA25-6581-4C95-80F9-42E54B1866FD}
	EndGlobalSection
	GlobalSection(ExtensibilityGlobals) = postSolution
		SolutionGuid = {C379D40C-85D3-4629-97D1-696E28711D63}
	EndGlobalSection
EndGlobal
