
Microsoft Visual Studio Solution File, Format Version 12.00
# Visual Studio 14
VisualStudioVersion = 14.0.25420.1
MinimumVisualStudioVersion = 10.0.40219.1
Project("{FAE04EC0-301F-11D3-BF4B-00C04F79EFBC}") = "ScriptX.Print.Client", "ScriptX.Print.Client\ScriptX.Print.Client.csproj", "{C772E3FD-776C-49CD-8678-F5429D1CEAEA}"
EndProject
Project("{2150E333-8FDC-42A3-9474-1A3956D46DE8}") = "Documentation", "Documentation", "{F483EA25-6581-4C95-80F9-42E54B1866FD}"
	ProjectSection(SolutionItems) = preProject
		..\.npmrc = ..\.npmrc
		..\book.json = ..\book.json
		..\bower.json = ..\bower.json
		..\LICENSE = ..\LICENSE
		..\package.json = ..\package.json
		..\README.md = ..\README.md
	EndProjectSection
EndProject
Project("{2150E333-8FDC-42A3-9474-1A3956D46DE8}") = "docs", "docs", "{6F1B6E72-BADC-427F-B43B-24A2CFC326A2}"
	ProjectSection(SolutionItems) = preProject
		..\docs\_config.yml = ..\docs\_config.yml
		..\docs\readme.md = ..\docs\readme.md
	EndProjectSection
EndProject
Project("{2150E333-8FDC-42A3-9474-1A3956D46DE8}") = "book", "book", "{09B1AEEF-1A4F-4875-933C-71D32CBD1BD0}"
	ProjectSection(SolutionItems) = preProject
		..\book\methods.md = ..\book\methods.md
		..\book\new-article.md = ..\book\new-article.md
		..\book\README.md = ..\book\README.md
		..\book\referencelib.md = ..\book\referencelib.md
		..\book\SUMMARY.md = ..\book\SUMMARY.md
	EndProjectSection
EndProject
Project("{2150E333-8FDC-42A3-9474-1A3956D46DE8}") = "src", "src", "{7C47A878-72F0-4EFE-B23F-EB6B67DE8594}"
	ProjectSection(SolutionItems) = preProject
		..\src\jQuery-MeadCo.ScriptX.Print.UI.js = ..\src\jQuery-MeadCo.ScriptX.Print.UI.js
		..\src\meadco-core.js = ..\src\meadco-core.js
		..\src\meadco-scriptxfactory.js = ..\src\meadco-scriptxfactory.js
		..\src\meadco-scriptxlicense.js = ..\src\meadco-scriptxlicense.js
		..\src\meadco-scriptxprint.js = ..\src\meadco-scriptxprint.js
		..\src\meadco-scriptxprinthtml.js = ..\src\meadco-scriptxprinthtml.js
	EndProjectSection
EndProject
Project("{2150E333-8FDC-42A3-9474-1A3956D46DE8}") = "Nuget", "Nuget", "{0B0CC34E-A750-4CBF-965B-B9D84CAAF4EF}"
	ProjectSection(SolutionItems) = preProject
		..\nuget\MeadCoScriptXPrintServicesHtml.nuspec = ..\nuget\MeadCoScriptXPrintServicesHtml.nuspec
	EndProjectSection
EndProject
Global
	GlobalSection(SolutionConfigurationPlatforms) = preSolution
		Debug|Any CPU = Debug|Any CPU
		Release|Any CPU = Release|Any CPU
	EndGlobalSection
	GlobalSection(ProjectConfigurationPlatforms) = postSolution
		{C772E3FD-776C-49CD-8678-F5429D1CEAEA}.Debug|Any CPU.ActiveCfg = Debug|Any CPU
		{C772E3FD-776C-49CD-8678-F5429D1CEAEA}.Debug|Any CPU.Build.0 = Debug|Any CPU
		{C772E3FD-776C-49CD-8678-F5429D1CEAEA}.Release|Any CPU.ActiveCfg = Release|Any CPU
		{C772E3FD-776C-49CD-8678-F5429D1CEAEA}.Release|Any CPU.Build.0 = Release|Any CPU
	EndGlobalSection
	GlobalSection(SolutionProperties) = preSolution
		HideSolutionNode = FALSE
	EndGlobalSection
	GlobalSection(NestedProjects) = preSolution
		{6F1B6E72-BADC-427F-B43B-24A2CFC326A2} = {F483EA25-6581-4C95-80F9-42E54B1866FD}
		{09B1AEEF-1A4F-4875-933C-71D32CBD1BD0} = {F483EA25-6581-4C95-80F9-42E54B1866FD}
		{7C47A878-72F0-4EFE-B23F-EB6B67DE8594} = {F483EA25-6581-4C95-80F9-42E54B1866FD}
	EndGlobalSection
EndGlobal
